
Microsoft Visual Studio Solution File, Format Version 12.00
# Visual Studio Version 16
VisualStudioVersion = 16.0.30114.105
MinimumVisualStudioVersion = 10.0.40219.1
Project("{FAE04EC0-301F-11D3-BF4B-00C04F79EFBC}") = "dtc.api", "dtc.api\dtc.api.csproj", "{DF78CEC6-82F6-413D-91BE-D085A1B30014}"
EndProject
Project("{FAE04EC0-301F-11D3-BF4B-00C04F79EFBC}") = "dtc.api.tests", "dtc.api.tests\dtc.api.tests.csproj", "{4CD47EA1-03F7-4888-9248-E33BA085525F}"
EndProject
Project("{FAE04EC0-301F-11D3-BF4B-00C04F79EFBC}") = "consumer", "consumer\consumer.csproj", "{21392302-07D1-4093-B791-C74612612543}"
EndProject
Project("{FAE04EC0-301F-11D3-BF4B-00C04F79EFBC}") = "consumer.tests", "consumer.tests\consumer.tests.csproj", "{9E5C70BB-EE87-423E-993B-0FDCB2E6B77A}"
EndProject
Global
	GlobalSection(SolutionConfigurationPlatforms) = preSolution
		Debug|Any CPU = Debug|Any CPU
		Release|Any CPU = Release|Any CPU
	EndGlobalSection
	GlobalSection(SolutionProperties) = preSolution
		HideSolutionNode = FALSE
	EndGlobalSection
	GlobalSection(ProjectConfigurationPlatforms) = postSolution
		{DF78CEC6-82F6-413D-91BE-D085A1B30014}.Debug|Any CPU.ActiveCfg = Debug|Any CPU
		{DF78CEC6-82F6-413D-91BE-D085A1B30014}.Debug|Any CPU.Build.0 = Debug|Any CPU
		{DF78CEC6-82F6-413D-91BE-D085A1B30014}.Release|Any CPU.ActiveCfg = Release|Any CPU
		{DF78CEC6-82F6-413D-91BE-D085A1B30014}.Release|Any CPU.Build.0 = Release|Any CPU
		{4CD47EA1-03F7-4888-9248-E33BA085525F}.Debug|Any CPU.ActiveCfg = Debug|Any CPU
		{4CD47EA1-03F7-4888-9248-E33BA085525F}.Debug|Any CPU.Build.0 = Debug|Any CPU
		{4CD47EA1-03F7-4888-9248-E33BA085525F}.Release|Any CPU.ActiveCfg = Release|Any CPU
		{4CD47EA1-03F7-4888-9248-E33BA085525F}.Release|Any CPU.Build.0 = Release|Any CPU
		{21392302-07D1-4093-B791-C74612612543}.Debug|Any CPU.ActiveCfg = Debug|Any CPU
		{21392302-07D1-4093-B791-C74612612543}.Debug|Any CPU.Build.0 = Debug|Any CPU
		{21392302-07D1-4093-B791-C74612612543}.Release|Any CPU.ActiveCfg = Release|Any CPU
		{21392302-07D1-4093-B791-C74612612543}.Release|Any CPU.Build.0 = Release|Any CPU
		{9E5C70BB-EE87-423E-993B-0FDCB2E6B77A}.Debug|Any CPU.ActiveCfg = Debug|Any CPU
		{9E5C70BB-EE87-423E-993B-0FDCB2E6B77A}.Debug|Any CPU.Build.0 = Debug|Any CPU
		{9E5C70BB-EE87-423E-993B-0FDCB2E6B77A}.Release|Any CPU.ActiveCfg = Release|Any CPU
		{9E5C70BB-EE87-423E-993B-0FDCB2E6B77A}.Release|Any CPU.Build.0 = Release|Any CPU
	EndGlobalSection
EndGlobal
